// !$*UTF8*$!
{
	archiveVersion = 1;
	classes = {
	};
	objectVersion = 50;
	objects = {

/* Begin PBXBuildFile section */
		FCB0F50C25012E4000E60FDF /* AppDelegate.swift in Sources */ = {isa = PBXBuildFile; fileRef = FCB0F50B25012E4000E60FDF /* AppDelegate.swift */; };
		FCB0F50E25012E4000E60FDF /* SceneDelegate.swift in Sources */ = {isa = PBXBuildFile; fileRef = FCB0F50D25012E4000E60FDF /* SceneDelegate.swift */; };
		FCB0F51025012E4000E60FDF /* ViewController.swift in Sources */ = {isa = PBXBuildFile; fileRef = FCB0F50F25012E4000E60FDF /* ViewController.swift */; };
		FCB0F51325012E4000E60FDF /* Main.storyboard in Resources */ = {isa = PBXBuildFile; fileRef = FCB0F51125012E4000E60FDF /* Main.storyboard */; };
		FCB0F51525012E4100E60FDF /* Assets.xcassets in Resources */ = {isa = PBXBuildFile; fileRef = FCB0F51425012E4100E60FDF /* Assets.xcassets */; };
		FCB0F51825012E4100E60FDF /* LaunchScreen.storyboard in Resources */ = {isa = PBXBuildFile; fileRef = FCB0F51625012E4100E60FDF /* LaunchScreen.storyboard */; };
		FCB0F52025013A4400E60FDF /* Extensions.swift in Sources */ = {isa = PBXBuildFile; fileRef = FCB0F51F25013A4400E60FDF /* Extensions.swift */; };
/* End PBXBuildFile section */

/* Begin PBXFileReference section */
		FCB0F50825012E4000E60FDF /* ImageSaveExample.app */ = {isa = PBXFileReference; explicitFileType = wrapper.application; includeInIndex = 0; path = ImageSaveExample.app; sourceTree = BUILT_PRODUCTS_DIR; };
		FCB0F50B25012E4000E60FDF /* AppDelegate.swift */ = {isa = PBXFileReference; lastKnownFileType = sourcecode.swift; path = AppDelegate.swift; sourceTree = "<group>"; };
		FCB0F50D25012E4000E60FDF /* SceneDelegate.swift */ = {isa = PBXFileReference; lastKnownFileType = sourcecode.swift; path = SceneDelegate.swift; sourceTree = "<group>"; };
		FCB0F50F25012E4000E60FDF /* ViewController.swift */ = {isa = PBXFileReference; lastKnownFileType = sourcecode.swift; path = ViewController.swift; sourceTree = "<group>"; };
		FCB0F51225012E4000E60FDF /* Base */ = {isa = PBXFileReference; lastKnownFileType = file.storyboard; name = Base; path = Base.lproj/Main.storyboard; sourceTree = "<group>"; };
		FCB0F51425012E4100E60FDF /* Assets.xcassets */ = {isa = PBXFileReference; lastKnownFileType = folder.assetcatalog; path = Assets.xcassets; sourceTree = "<group>"; };
		FCB0F51725012E4100E60FDF /* Base */ = {isa = PBXFileReference; lastKnownFileType = file.storyboard; name = Base; path = Base.lproj/LaunchScreen.storyboard; sourceTree = "<group>"; };
		FCB0F51925012E4100E60FDF /* Info.plist */ = {isa = PBXFileReference; lastKnownFileType = text.plist.xml; path = Info.plist; sourceTree = "<group>"; };
		FCB0F51F25013A4400E60FDF /* Extensions.swift */ = {isa = PBXFileReference; lastKnownFileType = sourcecode.swift; path = Extensions.swift; sourceTree = "<group>"; };
/* End PBXFileReference section */

/* Begin PBXFrameworksBuildPhase section */
		FCB0F50525012E4000E60FDF /* Frameworks */ = {
			isa = PBXFrameworksBuildPhase;
			buildActionMask = 2147483647;
			files = (
			);
			runOnlyForDeploymentPostprocessing = 0;
		};
/* End PBXFrameworksBuildPhase section */

/* Begin PBXGroup section */
		FCB0F4FF25012E4000E60FDF = {
			isa = PBXGroup;
			children = (
				FCB0F50A25012E4000E60FDF /* ImageSaveExample */,
				FCB0F50925012E4000E60FDF /* Products */,
			);
			sourceTree = "<group>";
		};
		FCB0F50925012E4000E60FDF /* Products */ = {
			isa = PBXGroup;
			children = (
				FCB0F50825012E4000E60FDF /* ImageSaveExample.app */,
			);
			name = Products;
			sourceTree = "<group>";
		};
		FCB0F50A25012E4000E60FDF /* ImageSaveExample */ = {
			isa = PBXGroup;
			children = (
				FCB0F50B25012E4000E60FDF /* AppDelegate.swift */,
				FCB0F50D25012E4000E60FDF /* SceneDelegate.swift */,
				FCB0F50F25012E4000E60FDF /* ViewController.swift */,
				FCB0F51F25013A4400E60FDF /* Extensions.swift */,
				FCB0F51125012E4000E60FDF /* Main.storyboard */,
				FCB0F51425012E4100E60FDF /* Assets.xcassets */,
				FCB0F51625012E4100E60FDF /* LaunchScreen.storyboard */,
				FCB0F51925012E4100E60FDF /* Info.plist */,
			);
			path = ImageSaveExample;
			sourceTree = "<group>";
		};
/* End PBXGroup section */

/* Begin PBXNativeTarget section */
		FCB0F50725012E4000E60FDF /* ImageSaveExample */ = {
			isa = PBXNativeTarget;
			buildConfigurationList = FCB0F51C25012E4100E60FDF /* Build configuration list for PBXNativeTarget "ImageSaveExample" */;
			buildPhases = (
				FCB0F50425012E4000E60FDF /* Sources */,
				FCB0F50525012E4000E60FDF /* Frameworks */,
				FCB0F50625012E4000E60FDF /* Resources */,
			);
			buildRules = (
			);
			dependencies = (
			);
			name = ImageSaveExample;
			productName = ImageSaveExample;
			productReference = FCB0F50825012E4000E60FDF /* ImageSaveExample.app */;
			productType = "com.apple.product-type.application";
		};
/* End PBXNativeTarget section */

/* Begin PBXProject section */
		FCB0F50025012E4000E60FDF /* Project object */ = {
			isa = PBXProject;
			attributes = {
				LastSwiftUpdateCheck = 1140;
				LastUpgradeCheck = 1140;
				ORGANIZATIONNAME = DonMag;
				TargetAttributes = {
					FCB0F50725012E4000E60FDF = {
						CreatedOnToolsVersion = 11.4.1;
					};
				};
			};
			buildConfigurationList = FCB0F50325012E4000E60FDF /* Build configuration list for PBXProject "ImageSaveExample" */;
			compatibilityVersion = "Xcode 9.3";
			developmentRegion = en;
			hasScannedForEncodings = 0;
			knownRegions = (
				en,
				Base,
			);
			mainGroup = FCB0F4FF25012E4000E60FDF;
			productRefGroup = FCB0F50925012E4000E60FDF /* Products */;
			projectDirPath = "";
			projectRoot = "";
			targets = (
				FCB0F50725012E4000E60FDF /* ImageSaveExample */,
			);
		};
/* End PBXProject section */

/* Begin PBXResourcesBuildPhase section */
		FCB0F50625012E4000E60FDF /* Resources */ = {
			isa = PBXResourcesBuildPhase;
			buildActionMask = 2147483647;
			files = (
				FCB0F51825012E4100E60FDF /* LaunchScreen.storyboard in Resources */,
				FCB0F51525012E4100E60FDF /* Assets.xcassets in Resources */,
				FCB0F51325012E4000E60FDF /* Main.storyboard in Resources */,
			);
			runOnlyForDeploymentPostprocessing = 0;
		};
/* End PBXResourcesBuildPhase section */

/* Begin PBXSourcesBuildPhase section */
		FCB0F50425012E4000E60FDF /* Sources */ = {
			isa = PBXSourcesBuildPhase;
			buildActionMask = 2147483647;
			files = (
				FCB0F51025012E4000E60FDF /* ViewController.swift in Sources */,
				FCB0F50C25012E4000E60FDF /* AppDelegate.swift in Sources */,
				FCB0F50E25012E4000E60FDF /* SceneDelegate.swift in Sources */,
				FCB0F52025013A4400E60FDF /* Extensions.swift in Sources */,
			);
			runOnlyForDeploymentPostprocessing = 0;
		};
/* End PBXSourcesBuildPhase section */

/* Begin PBXVariantGroup section */
		FCB0F51125012E4000E60FDF /* Main.storyboard */ = {
			isa = PBXVariantGroup;
			children = (
				FCB0F51225012E4000E60FDF /* Base */,
			);
			name = Main.storyboard;
			sourceTree = "<group>";
		};
		FCB0F51625012E4100E60FDF /* LaunchScreen.storyboard */ = {
			isa = PBXVariantGroup;
			children = (
				FCB0F51725012E4100E60FDF /* Base */,
			);
			name = LaunchScreen.storyboard;
			sourceTree = "<group>";
		};
/* End PBXVariantGroup section */

/* Begin XCBuildConfiguration section */
		FCB0F51A25012E4100E60FDF /* Debug */ = {
			isa = XCBuildConfiguration;
			buildSettings = {
				ALWAYS_SEARCH_USER_PATHS = NO;
				CLANG_ANALYZER_NONNULL = YES;
				CLANG_ANALYZER_NUMBER_OBJECT_CONVERSION = YES_AGGRESSIVE;
				CLANG_CXX_LANGUAGE_STANDARD = "gnu++14";
				CLANG_CXX_LIBRARY = "libc++";
				CLANG_ENABLE_MODULES = YES;
				CLANG_ENABLE_OBJC_ARC = YES;
				CLANG_ENABLE_OBJC_WEAK = YES;
				CLANG_WARN_BLOCK_CAPTURE_AUTORELEASING = YES;
				CLANG_WARN_BOOL_CONVERSION = YES;
				CLANG_WARN_COMMA = YES;
				CLANG_WARN_CONSTANT_CONVERSION = YES;
				CLANG_WARN_DEPRECATED_OBJC_IMPLEMENTATIONS = YES;
				CLANG_WARN_DIRECT_OBJC_ISA_USAGE = YES_ERROR;
				CLANG_WARN_DOCUMENTATION_COMMENTS = YES;
				CLANG_WARN_EMPTY_BODY = YES;
				CLANG_WARN_ENUM_CONVERSION = YES;
				CLANG_WARN_INFINITE_RECURSION = YES;
				CLANG_WARN_INT_CONVERSION = YES;
				CLANG_WARN_NON_LITERAL_NULL_CONVERSION = YES;
				CLANG_WARN_OBJC_IMPLICIT_RETAIN_SELF = YES;
				CLANG_WARN_OBJC_LITERAL_CONVERSION = YES;
				CLANG_WARN_OBJC_ROOT_CLASS = YES_ERROR;
				CLANG_WARN_RANGE_LOOP_ANALYSIS = YES;
				CLANG_WARN_STRICT_PROTOTYPES = YES;
				CLANG_WARN_SUSPICIOUS_MOVE = YES;
				CLANG_WARN_UNGUARDED_AVAILABILITY = YES_AGGRESSIVE;
				CLANG_WARN_UNREACHABLE_CODE = YES;
				CLANG_WARN__DUPLICATE_METHOD_MATCH = YES;
				COPY_PHASE_STRIP = NO;
				DEBUG_INFORMATION_FORMAT = dwarf;
				ENABLE_STRICT_OBJC_MSGSEND = YES;
				ENABLE_TESTABILITY = YES;
				GCC_C_LANGUAGE_STANDARD = gnu11;
				GCC_DYNAMIC_NO_PIC = NO;
				GCC_NO_COMMON_BLOCKS = YES;
				GCC_OPTIMIZATION_LEVEL = 0;
				GCC_PREPROCESSOR_DEFINITIONS = (
					"DEBUG=1",
					"$(inherited)",
				);
				GCC_WARN_64_TO_32_BIT_CONVERSION = YES;
				GCC_WARN_ABOUT_RETURN_TYPE = YES_ERROR;
				GCC_WARN_UNDECLARED_SELECTOR = YES;
				GCC_WARN_UNINITIALIZED_AUTOS = YES_AGGRESSIVE;
				GCC_WARN_UNUSED_FUNCTION = YES;
				GCC_WARN_UNUSED_VARIABLE = YES;
				IPHONEOS_DEPLOYMENT_TARGET = 12.0;
				MTL_ENABLE_DEBUG_INFO = INCLUDE_SOURCE;
				MTL_FAST_MATH = YES;
				ONLY_ACTIVE_ARCH = YES;
				SDKROOT = iphoneos;
				SWIFT_ACTIVE_COMPILATION_CONDITIONS = DEBUG;
				SWIFT_OPTIMIZATION_LEVEL = "-Onone";
			};
			name = Debug;
		};
		FCB0F51B25012E4100E60FDF /* Release */ = {
			isa = XCBuildConfiguration;
			buildSettings = {
				ALWAYS_SEARCH_USER_PATHS = NO;
				CLANG_ANALYZER_NONNULL = YES;
				CLANG_ANALYZER_NUMBER_OBJECT_CONVERSION = YES_AGGRESSIVE;
				CLANG_CXX_LANGUAGE_STANDARD = "gnu++14";
				CLANG_CXX_LIBRARY = "libc++";
				CLANG_ENABLE_MODULES = YES;
				CLANG_ENABLE_OBJC_ARC = YES;
				CLANG_ENABLE_OBJC_WEAK = YES;
				CLANG_WARN_BLOCK_CAPTURE_AUTORELEASING = YES;
				CLANG_WARN_BOOL_CONVERSION = YES;
				CLANG_WARN_COMMA = YES;
				CLANG_WARN_CONSTANT_CONVERSION = YES;
				CLANG_WARN_DEPRECATED_OBJC_IMPLEMENTATIONS = YES;
				CLANG_WARN_DIRECT_OBJC_ISA_USAGE = YES_ERROR;
				CLANG_WARN_DOCUMENTATION_COMMENTS = YES;
				CLANG_WARN_EMPTY_BODY = YES;
				CLANG_WARN_ENUM_CONVERSION = YES;
				CLANG_WARN_INFINITE_RECURSION = YES;
				CLANG_WARN_INT_CONVERSION = YES;
				CLANG_WARN_NON_LITERAL_NULL_CONVERSION = YES;
				CLANG_WARN_OBJC_IMPLICIT_RETAIN_SELF = YES;
				CLANG_WARN_OBJC_LITERAL_CONVERSION = YES;
				CLANG_WARN_OBJC_ROOT_CLASS = YES_ERROR;
				CLANG_WARN_RANGE_LOOP_ANALYSIS = YES;
				CLANG_WARN_STRICT_PROTOTYPES = YES;
				CLANG_WARN_SUSPICIOUS_MOVE = YES;
				CLANG_WARN_UNGUARDED_AVAILABILITY = YES_AGGRESSIVE;
				CLANG_WARN_UNREACHABLE_CODE = YES;
				CLANG_WARN__DUPLICATE_METHOD_MATCH = YES;
				COPY_PHASE_STRIP = NO;
				DEBUG_INFORMATION_FORMAT = "dwarf-with-dsym";
				ENABLE_NS_ASSERTIONS = NO;
				ENABLE_STRICT_OBJC_MSGSEND = YES;
				GCC_C_LANGUAGE_STANDARD = gnu11;
				GCC_NO_COMMON_BLOCKS = YES;
				GCC_WARN_64_TO_32_BIT_CONVERSION = YES;
				GCC_WARN_ABOUT_RETURN_TYPE = YES_ERROR;
				GCC_WARN_UNDECLARED_SELECTOR = YES;
				GCC_WARN_UNINITIALIZED_AUTOS = YES_AGGRESSIVE;
				GCC_WARN_UNUSED_FUNCTION = YES;
				GCC_WARN_UNUSED_VARIABLE = YES;
				IPHONEOS_DEPLOYMENT_TARGET = 12.0;
				MTL_ENABLE_DEBUG_INFO = NO;
				MTL_FAST_MATH = YES;
				SDKROOT = iphoneos;
				SWIFT_COMPILATION_MODE = wholemodule;
				SWIFT_OPTIMIZATION_LEVEL = "-O";
				VALIDATE_PRODUCT = YES;
			};
			name = Release;
		};
		FCB0F51D25012E4100E60FDF /* Debug */ = {
			isa = XCBuildConfiguration;
			buildSettings = {
				ASSETCATALOG_COMPILER_APPICON_NAME = AppIcon;
				CODE_SIGN_STYLE = Automatic;
				INFOPLIST_FILE = ImageSaveExample/Info.plist;
				LD_RUNPATH_SEARCH_PATHS = (
					"$(inherited)",
					"@executable_path/Frameworks",
				);
				PRODUCT_BUNDLE_IDENTIFIER = com.DonMag.ImageSaveExample;
				PRODUCT_NAME = "$(TARGET_NAME)";
				SWIFT_VERSION = 5.0;
				TARGETED_DEVICE_FAMILY = "1,2";
			};
			name = Debug;
		};
		FCB0F51E25012E4100E60FDF /* Release */ = {
			isa = XCBuildConfiguration;
			buildSettings = {
				ASSETCATALOG_COMPILER_APPICON_NAME = AppIcon;
				CODE_SIGN_STYLE = Automatic;
				INFOPLIST_FILE = ImageSaveExample/Info.plist;
				LD_RUNPATH_SEARCH_PATHS = (
					"$(inherited)",
					"@executable_path/Frameworks",
				);
				PRODUCT_BUNDLE_IDENTIFIER = com.DonMag.ImageSaveExample;
				PRODUCT_NAME = "$(TARGET_NAME)";
				SWIFT_VERSION = 5.0;
				TARGETED_DEVICE_FAMILY = "1,2";
			};
			name = Release;
		};
/* End XCBuildConfiguration section */

/* Begin XCConfigurationList section */
		FCB0F50325012E4000E60FDF /* Build configuration list for PBXProject "ImageSaveExample" */ = {
			isa = XCConfigurationList;
			buildConfigurations = (
				FCB0F51A25012E4100E60FDF /* Debug */,
				FCB0F51B25012E4100E60FDF /* Release */,
			);
			defaultConfigurationIsVisible = 0;
			defaultConfigurationName = Release;
		};
		FCB0F51C25012E4100E60FDF /* Build configuration list for PBXNativeTarget "ImageSaveExample" */ = {
			isa = XCConfigurationList;
			buildConfigurations = (
				FCB0F51D25012E4100E60FDF /* Debug */,
				FCB0F51E25012E4100E60FDF /* Release */,
			);
			defaultConfigurationIsVisible = 0;
			defaultConfigurationName = Release;
		};
/* End XCConfigurationList section */
	};
	rootObject = FCB0F50025012E4000E60FDF /* Project object */;
}
